
Microsoft Visual Studio Solution File, Format Version 12.00
# Visual Studio Version 17
VisualStudioVersion = 17.14.36429.23 d17.14
MinimumVisualStudioVersion = 10.0.40219.1
Project("{FAE04EC0-301F-11D3-BF4B-00C04F79EFBC}") = "AOITagger", "AOITagger.csproj", "{3B822BBF-EA69-4EAF-B19A-23C962C26578}"
EndProject
Global
	GlobalSection(SolutionConfigurationPlatforms) = preSolution
		Debug|Any CPU = Debug|Any CPU
		Release|Any CPU = Release|Any CPU
	EndGlobalSection
	GlobalSection(ProjectConfigurationPlatforms) = postSolution
		{3B822BBF-EA69-4EAF-B19A-23C962C26578}.Debug|Any CPU.ActiveCfg = Debug|Any CPU
		{3B822BBF-EA69-4EAF-B19A-23C962C26578}.Debug|Any CPU.Build.0 = Debug|Any CPU
		{3B822BBF-EA69-4EAF-B19A-23C962C26578}.Release|Any CPU.ActiveCfg = Release|Any CPU
		{3B822BBF-EA69-4EAF-B19A-23C962C26578}.Release|Any CPU.Build.0 = Release|Any CPU
	EndGlobalSection
	GlobalSection(SolutionProperties) = preSolution
		HideSolutionNode = FALSE
	EndGlobalSection
	GlobalSection(ExtensibilityGlobals) = postSolution
		SolutionGuid = {6524644F-EE71-48AE-AA94-2F9FC323DC47}
	EndGlobalSection
EndGlobal
